
Microsoft Visual Studio Solution File, Format Version 12.00
# Visual Studio Version 16
VisualStudioVersion = 16.0.29411.108
MinimumVisualStudioVersion = 10.0.40219.1
Project("{9A19103F-16F7-4668-BE54-9A1E7A4F7556}") = "BeatThePokemon", "BeatThePokémon\BeatThePokemon.csproj", "{1928DE44-A2A8-4F50-BC6B-89D6573B8A03}"
EndProject
Global
	GlobalSection(SolutionConfigurationPlatforms) = preSolution
		Debug|Any CPU = Debug|Any CPU
		Release|Any CPU = Release|Any CPU
	EndGlobalSection
	GlobalSection(ProjectConfigurationPlatforms) = postSolution
		{1928DE44-A2A8-4F50-BC6B-89D6573B8A03}.Debug|Any CPU.ActiveCfg = Debug|Any CPU
		{1928DE44-A2A8-4F50-BC6B-89D6573B8A03}.Debug|Any CPU.Build.0 = Debug|Any CPU
		{1928DE44-A2A8-4F50-BC6B-89D6573B8A03}.Release|Any CPU.ActiveCfg = Release|Any CPU
		{1928DE44-A2A8-4F50-BC6B-89D6573B8A03}.Release|Any CPU.Build.0 = Release|Any CPU
	EndGlobalSection
	GlobalSection(SolutionProperties) = preSolution
		HideSolutionNode = FALSE
	EndGlobalSection
	GlobalSection(ExtensibilityGlobals) = postSolution
		SolutionGuid = {D1425495-DBF2-4F94-A420-64DA84E4C5A1}
	EndGlobalSection
EndGlobal
